{
  "name": "com.broadlink",
  "version": "1.0.0",
  "lockfileVersion": 3,
  "requires": true,
  "packages": {
    "": {
      "name": "com.broadlink",
      "version": "1.0.0",
      "license": "ISC",
      "dependencies": {
        "broadlink-ir-converter": "^1.0.2",
        "crc": "^4.3.2"
      }
    },
    "node_modules/broadlink-ir-converter": {
      "version": "1.0.2",
      "resolved": "https://registry.npmjs.org/broadlink-ir-converter/-/broadlink-ir-converter-1.0.2.tgz",
      "integrity": "sha512-Tt+G/L91aUxPPSsnPD6EqvPk9GnNgW4o6SciStRySvG3yzA/UkAd8TAuXSRZv7ad/JdJFqeqTqVeo21PzrL2yw==",
      "license": "GNU"
    },
    "node_modules/crc": {
      "version": "4.3.2",
      "resolved": "https://registry.npmjs.org/crc/-/crc-4.3.2.tgz",
      "integrity": "sha512-uGDHf4KLLh2zsHa8D8hIQ1H/HtFQhyHrc0uhHBcoKGol/Xnb+MPYfUMw7cvON6ze/GUESTudKayDcJC5HnJv1A==",
      "engines": {
        "node": ">=12"
      },
      "peerDependencies": {
        "buffer": ">=6.0.3"
      },
      "peerDependenciesMeta": {
        "buffer": {
          "optional": true
        }
      }
    }
  }
}
